
Microsoft Visual Studio Solution File, Format Version 12.00
# Visual Studio Version 17
VisualStudioVersion = 17.14.36408.4 d17.14
MinimumVisualStudioVersion = 10.0.40219.1
Project("{FAE04EC0-301F-11D3-BF4B-00C04F79EFBC}") = "WindowsFormsApp1", "WindowsFormsApp1\WindowsFormsApp1.csproj", "{57C8F9BF-0903-437B-9424-FBF043D57C4C}"
EndProject
Global
	GlobalSection(SolutionConfigurationPlatforms) = preSolution
		Debug|Any CPU = Debug|Any CPU
		Release|Any CPU = Release|Any CPU
	EndGlobalSection
	GlobalSection(ProjectConfigurationPlatforms) = postSolution
		{57C8F9BF-0903-437B-9424-FBF043D57C4C}.Debug|Any CPU.ActiveCfg = Debug|Any CPU
		{57C8F9BF-0903-437B-9424-FBF043D57C4C}.Debug|Any CPU.Build.0 = Debug|Any CPU
		{57C8F9BF-0903-437B-9424-FBF043D57C4C}.Release|Any CPU.ActiveCfg = Release|Any CPU
		{57C8F9BF-0903-437B-9424-FBF043D57C4C}.Release|Any CPU.Build.0 = Release|Any CPU
	EndGlobalSection
	GlobalSection(SolutionProperties) = preSolution
		HideSolutionNode = FALSE
	EndGlobalSection
	GlobalSection(ExtensibilityGlobals) = postSolution
		SolutionGuid = {FE48BCD5-A20C-4E27-AD6E-4E43E2040F77}
	EndGlobalSection
EndGlobal
